<?xml version="1.0" encoding="utf-8"?>
<Project ToolsVersion="4.0" xmlns="http://schemas.microsoft.com/developer/msbuild/2003">
  <ItemGroup>
    <Filter Include="Source Files">
      <UniqueIdentifier>{5494c3cb-927d-4c23-8f96-c87fe200cc17}</UniqueIdentifier>
    </Filter>
    <Filter Include="Generated Files">
      <UniqueIdentifier>{8aa12b93-cf42-456f-b66b-1607f819f250}</UniqueIdentifier>
      <SourceControlFiles>False</SourceControlFiles>
    </Filter>
  </ItemGroup>
  <ItemGroup>
    <None Include="OLEDB Provider Sampleps.def" />
  </ItemGroup>
  <ItemGroup>
    <ClCompile Include="OLEDBProviderSample_i.c">
      <Filter>Generated Files</Filter>
    </ClCompile>
    <ClCompile Include="OLEDBProviderSample_p.c">
      <Filter>Generated Files</Filter>
    </ClCompile>
    <ClCompile Include="dlldata.c">
      <Filter>Generated Files</Filter>
    </ClCompile>
  </ItemGroup>
</Project>