<?xml version="1.0" encoding="utf-8"?>
<Project ToolsVersion="4.0" xmlns="http://schemas.microsoft.com/developer/msbuild/2003">
  <ItemGroup>
    <Filter Include="Source Files">
      <UniqueIdentifier>{4FC737F1-C7A5-4376-A066-2A32D752A2FF}</UniqueIdentifier>
      <Extensions>cpp;c;cc;cxx;def;odl;idl;hpj;bat;asm;asmx</Extensions>
    </Filter>
    <Filter Include="Header Files">
      <UniqueIdentifier>{93995380-89BD-4b04-88EB-625FBE52EBFB}</UniqueIdentifier>
      <Extensions>h;hpp;hxx;hm;inl;inc;xsd</Extensions>
    </Filter>
    <Filter Include="Resource Files">
      <UniqueIdentifier>{67DA6AB6-F800-4c08-8B7A-83BB121AAD01}</UniqueIdentifier>
      <Extensions>rc;ico;cur;bmp;dlg;rc2;rct;bin;rgs;gif;jpg;jpeg;jpe;resx;tiff;tif;png;wav;mfcribbon-ms</Extensions>
    </Filter>
  </ItemGroup>
  <ItemGroup>
    <ClCompile Include="test.cpp">
      <Filter>Source Files</Filter>
    </ClCompile>
    <ClCompile Include="typeid.cpp">
      <Filter>Source Files</Filter>
    </ClCompile>
    <ClCompile Include="template class.cpp">
      <Filter>Source Files</Filter>
    </ClCompile>
    <ClCompile Include="streambuf.cpp">
      <Filter>Source Files</Filter>
    </ClCompile>
    <ClCompile Include="visit_private_member.cpp">
      <Filter>Source Files</Filter>
    </ClCompile>
    <ClCompile Include="endianess.cpp">
      <Filter>Source Files</Filter>
    </ClCompile>
    <ClCompile Include="icu.cpp">
      <Filter>Source Files</Filter>
    </ClCompile>
    <ClCompile Include="TUUID.cpp">
      <Filter>Source Files</Filter>
    </ClCompile>
    <ClCompile Include="TMD5.cpp">
      <Filter>Source Files</Filter>
    </ClCompile>
    <ClCompile Include="zorba_sax.cpp">
      <Filter>Source Files</Filter>
    </ClCompile>
    <ClCompile Include="template code bloat.cpp">
      <Filter>Source Files</Filter>
    </ClCompile>
    <ClCompile Include="inheritance.cpp">
      <Filter>Source Files</Filter>
    </ClCompile>
    <ClCompile Include="class_size.cpp">
      <Filter>Source Files</Filter>
    </ClCompile>
  </ItemGroup>
  <ItemGroup>
    <Library Include="C:\Users\shu\Desktop\icu\lib\icudt.lib" />
    <Library Include="C:\Users\shu\Desktop\icu\lib\icuin.lib" />
    <Library Include="C:\Users\shu\Desktop\icu\lib\icuio.lib" />
    <Library Include="C:\Users\shu\Desktop\icu\lib\icule.lib" />
    <Library Include="C:\Users\shu\Desktop\icu\lib\iculx.lib" />
    <Library Include="C:\Users\shu\Desktop\icu\lib\icutu.lib" />
    <Library Include="C:\Users\shu\Desktop\icu\lib\icuuc.lib" />
    <Library Include="C:\Program Files (x86)\Zorba XQuery Processor 2.6.0\lib\zorba_simplestore.lib" />
  </ItemGroup>
  <ItemGroup>
    <ClInclude Include="TUUID.h">
      <Filter>Source Files</Filter>
    </ClInclude>
    <ClInclude Include="UUIDTypes.h">
      <Filter>Source Files</Filter>
    </ClInclude>
    <ClInclude Include="TMD5.h">
      <Filter>Source Files</Filter>
    </ClInclude>
  </ItemGroup>
</Project>