<?xml version="1.0" encoding="utf-8"?>
<Project ToolsVersion="4.0" xmlns="http://schemas.microsoft.com/developer/msbuild/2003">
  <ItemGroup>
    <Filter Include="Source Files">
      <UniqueIdentifier>{4FC737F1-C7A5-4376-A066-2A32D752A2FF}</UniqueIdentifier>
      <Extensions>cpp;c;cc;cxx;def;odl;idl;hpj;bat;asm;asmx</Extensions>
    </Filter>
    <Filter Include="Header Files">
      <UniqueIdentifier>{93995380-89BD-4b04-88EB-625FBE52EBFB}</UniqueIdentifier>
      <Extensions>h;hpp;hxx;hm;inl;inc;xsd</Extensions>
    </Filter>
    <Filter Include="Resource Files">
      <UniqueIdentifier>{67DA6AB6-F800-4c08-8B7A-83BB121AAD01}</UniqueIdentifier>
      <Extensions>rc;ico;cur;bmp;dlg;rc2;rct;bin;rgs;gif;jpg;jpeg;jpe;resx;tiff;tif;png;wav;mfcribbon-ms</Extensions>
    </Filter>
    <Filter Include="Source Files\SFINAE">
      <UniqueIdentifier>{41fe4c68-9c37-42fb-9bd5-41654b6054df}</UniqueIdentifier>
    </Filter>
    <Filter Include="Source Files\Trie">
      <UniqueIdentifier>{67254861-c23d-4d32-befa-92f5c2fab577}</UniqueIdentifier>
    </Filter>
    <Filter Include="Source Files\Other">
      <UniqueIdentifier>{2abf0734-5343-4b4d-b428-2055d363806d}</UniqueIdentifier>
    </Filter>
  </ItemGroup>
  <ItemGroup>
    <ClCompile Include="SFINAE.cpp">
      <Filter>Source Files\SFINAE</Filter>
    </ClCompile>
    <ClCompile Include="template_template_argument.cpp">
      <Filter>Source Files\SFINAE</Filter>
    </ClCompile>
    <ClCompile Include="test.cpp">
      <Filter>Source Files\Trie</Filter>
    </ClCompile>
    <ClCompile Include="test2.cpp">
      <Filter>Source Files\Trie</Filter>
    </ClCompile>
    <ClCompile Include="1TP.cpp">
      <Filter>Source Files\SFINAE</Filter>
    </ClCompile>
    <ClCompile Include="2TP.cpp">
      <Filter>Source Files\SFINAE</Filter>
    </ClCompile>
    <ClCompile Include="check_operator.cpp">
      <Filter>Source Files\SFINAE</Filter>
    </ClCompile>
    <ClCompile Include="2.cpp">
      <Filter>Source Files\SFINAE</Filter>
    </ClCompile>
    <ClCompile Include="3.cpp">
      <Filter>Source Files\SFINAE</Filter>
    </ClCompile>
    <ClCompile Include="TMP.cpp">
      <Filter>Source Files\SFINAE</Filter>
    </ClCompile>
    <ClCompile Include="FormatFlags.cpp">
      <Filter>Source Files\Other</Filter>
    </ClCompile>
    <ClCompile Include="c_str_type.cpp">
      <Filter>Source Files\Other</Filter>
    </ClCompile>
    <ClCompile Include="has_c_str.cpp">
      <Filter>Source Files\SFINAE</Filter>
    </ClCompile>
    <ClCompile Include="tempalte_default_value.cpp">
      <Filter>Source Files\Other</Filter>
    </ClCompile>
    <ClCompile Include="Call_Member_Operator.cpp">
      <Filter>Source Files\Other</Filter>
    </ClCompile>
    <ClCompile Include="SFINAE_FOR_SOLARIS.cpp">
      <Filter>Source Files\SFINAE</Filter>
    </ClCompile>
    <ClCompile Include="cast.cpp">
      <Filter>Source Files\Other</Filter>
    </ClCompile>
    <ClCompile Include="private_copy_constructor.cpp">
      <Filter>Source Files\Other</Filter>
    </ClCompile>
  </ItemGroup>
</Project>